
Microsoft Visual Studio Solution File, Format Version 12.00
# Visual Studio Version 16
VisualStudioVersion = 16.0.32802.440
MinimumVisualStudioVersion = 10.0.40219.1
Project("{8BC9CEB8-8B4A-11D0-8D11-00A0C91BC942}") = "PatchGuardBypass", "PatchGuardBypass\PatchGuardBypass.vcxproj", "{57A68F53-C563-405D-B2E1-C66585DA64E4}"
EndProject
Global
	GlobalSection(SolutionConfigurationPlatforms) = preSolution
		Debug|ARM = Debug|ARM
		Debug|ARM64 = Debug|ARM64
		Debug|x64 = Debug|x64
		Debug|x86 = Debug|x86
		Release|ARM = Release|ARM
		Release|ARM64 = Release|ARM64
		Release|x64 = Release|x64
		Release|x86 = Release|x86
	EndGlobalSection
	GlobalSection(ProjectConfigurationPlatforms) = postSolution
		{57A68F53-C563-405D-B2E1-C66585DA64E4}.Debug|ARM.ActiveCfg = Debug|ARM
		{57A68F53-C563-405D-B2E1-C66585DA64E4}.Debug|ARM.Build.0 = Debug|ARM
		{57A68F53-C563-405D-B2E1-C66585DA64E4}.Debug|ARM.Deploy.0 = Debug|ARM
		{57A68F53-C563-405D-B2E1-C66585DA64E4}.Debug|ARM64.ActiveCfg = Debug|ARM64
		{57A68F53-C563-405D-B2E1-C66585DA64E4}.Debug|ARM64.Build.0 = Debug|ARM64
		{57A68F53-C563-405D-B2E1-C66585DA64E4}.Debug|ARM64.Deploy.0 = Debug|ARM64
		{57A68F53-C563-405D-B2E1-C66585DA64E4}.Debug|x64.ActiveCfg = Debug|x64
		{57A68F53-C563-405D-B2E1-C66585DA64E4}.Debug|x64.Build.0 = Debug|x64
		{57A68F53-C563-405D-B2E1-C66585DA64E4}.Debug|x64.Deploy.0 = Debug|x64
		{57A68F53-C563-405D-B2E1-C66585DA64E4}.Debug|x86.ActiveCfg = Debug|Win32
		{57A68F53-C563-405D-B2E1-C66585DA64E4}.Debug|x86.Build.0 = Debug|Win32
		{57A68F53-C563-405D-B2E1-C66585DA64E4}.Debug|x86.Deploy.0 = Debug|Win32
		{57A68F53-C563-405D-B2E1-C66585DA64E4}.Release|ARM.ActiveCfg = Release|ARM
		{57A68F53-C563-405D-B2E1-C66585DA64E4}.Release|ARM.Build.0 = Release|ARM
		{57A68F53-C563-405D-B2E1-C66585DA64E4}.Release|ARM.Deploy.0 = Release|ARM
		{57A68F53-C563-405D-B2E1-C66585DA64E4}.Release|ARM64.ActiveCfg = Release|ARM64
		{57A68F53-C563-405D-B2E1-C66585DA64E4}.Release|ARM64.Build.0 = Release|ARM64
		{57A68F53-C563-405D-B2E1-C66585DA64E4}.Release|ARM64.Deploy.0 = Release|ARM64
		{57A68F53-C563-405D-B2E1-C66585DA64E4}.Release|x64.ActiveCfg = Release|x64
		{57A68F53-C563-405D-B2E1-C66585DA64E4}.Release|x64.Build.0 = Release|x64
		{57A68F53-C563-405D-B2E1-C66585DA64E4}.Release|x64.Deploy.0 = Release|x64
		{57A68F53-C563-405D-B2E1-C66585DA64E4}.Release|x86.ActiveCfg = Release|Win32
		{57A68F53-C563-405D-B2E1-C66585DA64E4}.Release|x86.Build.0 = Release|Win32
		{57A68F53-C563-405D-B2E1-C66585DA64E4}.Release|x86.Deploy.0 = Release|Win32
	EndGlobalSection
	GlobalSection(SolutionProperties) = preSolution
		HideSolutionNode = FALSE
	EndGlobalSection
	GlobalSection(ExtensibilityGlobals) = postSolution
		SolutionGuid = {8AD89A08-9F84-4021-B1FA-0CA109C2D418}
	EndGlobalSection
EndGlobal
